
Microsoft Visual Studio Solution File, Format Version 12.00
# Visual Studio Version 17
VisualStudioVersion = 17.9.34723.18
MinimumVisualStudioVersion = 10.0.40219.1
Project("{FAE04EC0-301F-11D3-BF4B-00C04F79EFBC}") = "csvAccessCLI", "csvAccessCLI\csvAccessCLI.csproj", "{D1261E08-5BDB-45F0-AB15-F703026294B6}"
EndProject
Project("{FAE04EC0-301F-11D3-BF4B-00C04F79EFBC}") = "PostgreSqlWrapper", "SqlWrapper\PostgreSqlWrapper.csproj", "{F439E81A-7C33-4F4C-9A9E-8F4C1550B69C}"
EndProject
Global
	GlobalSection(SolutionConfigurationPlatforms) = preSolution
		Debug|Any CPU = Debug|Any CPU
		Release|Any CPU = Release|Any CPU
	EndGlobalSection
	GlobalSection(ProjectConfigurationPlatforms) = postSolution
		{D1261E08-5BDB-45F0-AB15-F703026294B6}.Debug|Any CPU.ActiveCfg = Debug|Any CPU
		{D1261E08-5BDB-45F0-AB15-F703026294B6}.Debug|Any CPU.Build.0 = Debug|Any CPU
		{D1261E08-5BDB-45F0-AB15-F703026294B6}.Release|Any CPU.ActiveCfg = Release|Any CPU
		{D1261E08-5BDB-45F0-AB15-F703026294B6}.Release|Any CPU.Build.0 = Release|Any CPU
		{F439E81A-7C33-4F4C-9A9E-8F4C1550B69C}.Debug|Any CPU.ActiveCfg = Debug|Any CPU
		{F439E81A-7C33-4F4C-9A9E-8F4C1550B69C}.Debug|Any CPU.Build.0 = Debug|Any CPU
		{F439E81A-7C33-4F4C-9A9E-8F4C1550B69C}.Release|Any CPU.ActiveCfg = Release|Any CPU
		{F439E81A-7C33-4F4C-9A9E-8F4C1550B69C}.Release|Any CPU.Build.0 = Release|Any CPU
	EndGlobalSection
	GlobalSection(SolutionProperties) = preSolution
		HideSolutionNode = FALSE
	EndGlobalSection
	GlobalSection(ExtensibilityGlobals) = postSolution
		SolutionGuid = {943260BF-21AF-4DEE-8BE4-27B9C15F824F}
	EndGlobalSection
EndGlobal
