
Microsoft Visual Studio Solution File, Format Version 12.00
# Visual Studio Version 17
VisualStudioVersion = 17.9.34723.18
MinimumVisualStudioVersion = 10.0.40219.1
Project("{9A19103F-16F7-4668-BE54-9A1E7A4F7556}") = "CsvAccess.CLI", "CsvAccess.CLI\CsvAccess.CLI.csproj", "{D1261E08-5BDB-45F0-AB15-F703026294B6}"
EndProject
Project("{9A19103F-16F7-4668-BE54-9A1E7A4F7556}") = "PostgreSqlWrapper", "PostgreSqlWrapper\PostgreSqlWrapper.csproj", "{F439E81A-7C33-4F4C-9A9E-8F4C1550B69C}"
EndProject
Project("{9A19103F-16F7-4668-BE54-9A1E7A4F7556}") = "CsvAccess.core", "CsvAccess.core\CsvAccess.core.csproj", "{A7E2991C-92FE-451F-9928-0CD03E685B84}"
EndProject
Project("{2150E333-8FDC-42A3-9474-1A3956D46DE8}") = "DatabaseWrapper", "DatabaseWrapper", "{B027A413-AB42-454A-8547-A4DC48EBD745}"
EndProject
Project("{2150E333-8FDC-42A3-9474-1A3956D46DE8}") = "Presentation", "Presentation", "{B8B510BA-9373-4736-B645-56927BE2B743}"
EndProject
Project("{2150E333-8FDC-42A3-9474-1A3956D46DE8}") = "Persistence", "Persistence", "{4FDCAF5E-A938-4B1F-9212-40E8AEDA56F3}"
EndProject
Project("{2150E333-8FDC-42A3-9474-1A3956D46DE8}") = "Helper", "Helper", "{D116A8DA-4C51-40A3-9367-1DCE39E5B223}"
EndProject
Project("{9A19103F-16F7-4668-BE54-9A1E7A4F7556}") = "SqlBuilder", "SqlBuilder\SqlBuilder.csproj", "{BC5A6376-B1D1-41F5-9C5D-D3106815CB2A}"
EndProject
Global
	GlobalSection(SolutionConfigurationPlatforms) = preSolution
		Debug|Any CPU = Debug|Any CPU
		Release|Any CPU = Release|Any CPU
	EndGlobalSection
	GlobalSection(ProjectConfigurationPlatforms) = postSolution
		{D1261E08-5BDB-45F0-AB15-F703026294B6}.Debug|Any CPU.ActiveCfg = Debug|Any CPU
		{D1261E08-5BDB-45F0-AB15-F703026294B6}.Debug|Any CPU.Build.0 = Debug|Any CPU
		{D1261E08-5BDB-45F0-AB15-F703026294B6}.Release|Any CPU.ActiveCfg = Release|Any CPU
		{D1261E08-5BDB-45F0-AB15-F703026294B6}.Release|Any CPU.Build.0 = Release|Any CPU
		{F439E81A-7C33-4F4C-9A9E-8F4C1550B69C}.Debug|Any CPU.ActiveCfg = Debug|Any CPU
		{F439E81A-7C33-4F4C-9A9E-8F4C1550B69C}.Debug|Any CPU.Build.0 = Debug|Any CPU
		{F439E81A-7C33-4F4C-9A9E-8F4C1550B69C}.Release|Any CPU.ActiveCfg = Release|Any CPU
		{F439E81A-7C33-4F4C-9A9E-8F4C1550B69C}.Release|Any CPU.Build.0 = Release|Any CPU
		{A7E2991C-92FE-451F-9928-0CD03E685B84}.Debug|Any CPU.ActiveCfg = Debug|Any CPU
		{A7E2991C-92FE-451F-9928-0CD03E685B84}.Debug|Any CPU.Build.0 = Debug|Any CPU
		{A7E2991C-92FE-451F-9928-0CD03E685B84}.Release|Any CPU.ActiveCfg = Release|Any CPU
		{A7E2991C-92FE-451F-9928-0CD03E685B84}.Release|Any CPU.Build.0 = Release|Any CPU
		{BC5A6376-B1D1-41F5-9C5D-D3106815CB2A}.Debug|Any CPU.ActiveCfg = Debug|Any CPU
		{BC5A6376-B1D1-41F5-9C5D-D3106815CB2A}.Debug|Any CPU.Build.0 = Debug|Any CPU
		{BC5A6376-B1D1-41F5-9C5D-D3106815CB2A}.Release|Any CPU.ActiveCfg = Release|Any CPU
		{BC5A6376-B1D1-41F5-9C5D-D3106815CB2A}.Release|Any CPU.Build.0 = Release|Any CPU
	EndGlobalSection
	GlobalSection(SolutionProperties) = preSolution
		HideSolutionNode = FALSE
	EndGlobalSection
	GlobalSection(NestedProjects) = preSolution
		{D1261E08-5BDB-45F0-AB15-F703026294B6} = {B8B510BA-9373-4736-B645-56927BE2B743}
		{F439E81A-7C33-4F4C-9A9E-8F4C1550B69C} = {B027A413-AB42-454A-8547-A4DC48EBD745}
		{B027A413-AB42-454A-8547-A4DC48EBD745} = {4FDCAF5E-A938-4B1F-9212-40E8AEDA56F3}
		{D116A8DA-4C51-40A3-9367-1DCE39E5B223} = {4FDCAF5E-A938-4B1F-9212-40E8AEDA56F3}
		{BC5A6376-B1D1-41F5-9C5D-D3106815CB2A} = {D116A8DA-4C51-40A3-9367-1DCE39E5B223}
	EndGlobalSection
	GlobalSection(ExtensibilityGlobals) = postSolution
		SolutionGuid = {943260BF-21AF-4DEE-8BE4-27B9C15F824F}
	EndGlobalSection
EndGlobal
